
Microsoft Visual Studio Solution File, Format Version 12.00
# Visual Studio Version 16
VisualStudioVersion = 16.0.31129.286
MinimumVisualStudioVersion = 10.0.40219.1
Project("{FAE04EC0-301F-11D3-BF4B-00C04F79EFBC}") = "Exercise27", "Exercise27\Exercise27.csproj", "{D482D044-895A-4B42-9937-F6CBF049A4D6}"
EndProject
Global
	GlobalSection(SolutionConfigurationPlatforms) = preSolution
		Debug|Any CPU = Debug|Any CPU
		Release|Any CPU = Release|Any CPU
	EndGlobalSection
	GlobalSection(ProjectConfigurationPlatforms) = postSolution
		{D482D044-895A-4B42-9937-F6CBF049A4D6}.Debug|Any CPU.ActiveCfg = Debug|Any CPU
		{D482D044-895A-4B42-9937-F6CBF049A4D6}.Debug|Any CPU.Build.0 = Debug|Any CPU
		{D482D044-895A-4B42-9937-F6CBF049A4D6}.Release|Any CPU.ActiveCfg = Release|Any CPU
		{D482D044-895A-4B42-9937-F6CBF049A4D6}.Release|Any CPU.Build.0 = Release|Any CPU
	EndGlobalSection
	GlobalSection(SolutionProperties) = preSolution
		HideSolutionNode = FALSE
	EndGlobalSection
	GlobalSection(ExtensibilityGlobals) = postSolution
		SolutionGuid = {14F930B7-B2EC-4EEA-A50B-1070E8D44429}
	EndGlobalSection
EndGlobal
